
Microsoft Visual Studio Solution File, Format Version 12.00
# Visual Studio Version 16
VisualStudioVersion = 16.0.31321.278
MinimumVisualStudioVersion = 10.0.40219.1
Project("{D954291E-2A0B-460D-934E-DC6B0785DB48}") = "POSUNO.Shared", "POSUNO\POSUNO.Shared\POSUNO.Shared.shproj", "{6279C845-92F8-4333-AB99-3D213163593C}"
EndProject
Project("{2150E333-8FDC-42A3-9474-1A3956D46DE8}") = "Platforms", "Platforms", "{C30B20C7-41E2-4F1D-AC8A-2D6982CEF99D}"
EndProject
Project("{FAE04EC0-301F-11D3-BF4B-00C04F79EFBC}") = "POSUNO.Droid", "POSUNO\POSUNO.Droid\POSUNO.Droid.csproj", "{F06A5D07-6A13-4527-80D7-9B9EA1413067}"
EndProject
Project("{FAE04EC0-301F-11D3-BF4B-00C04F79EFBC}") = "POSUNO.iOS", "POSUNO\POSUNO.iOS\POSUNO.iOS.csproj", "{EE7A605A-A1C4-4FF4-AADB-F21269BEEF16}"
EndProject
Project("{FAE04EC0-301F-11D3-BF4B-00C04F79EFBC}") = "POSUNO.UWP", "POSUNO\POSUNO.UWP\POSUNO.UWP.csproj", "{1B5F7F7D-D724-4418-89A9-5ADB49D2FFFC}"
EndProject
Project("{9A19103F-16F7-4668-BE54-9A1E7A4F7556}") = "POSUNO.Wasm", "POSUNO\POSUNO.Wasm\POSUNO.Wasm.csproj", "{70980408-754F-4AA6-9DA2-7DC0739FDBAB}"
EndProject
Project("{FAE04EC0-301F-11D3-BF4B-00C04F79EFBC}") = "POSUNO.macOS", "POSUNO\POSUNO.macOS\POSUNO.macOS.csproj", "{FBB99FD7-E595-4A5F-8C17-93EFA1004775}"
EndProject
Project("{9A19103F-16F7-4668-BE54-9A1E7A4F7556}") = "POSUNO.Skia.Wpf.Host", "POSUNO\POSUNO.Skia.Wpf.Host\POSUNO.Skia.Wpf.Host.csproj", "{9066DE0F-0AB2-4B5A-BD16-D88A067415FE}"
EndProject
Project("{9A19103F-16F7-4668-BE54-9A1E7A4F7556}") = "POSUNO.Skia.Wpf", "POSUNO\POSUNO.Skia.Wpf\POSUNO.Skia.Wpf.csproj", "{286121A8-4369-4E6F-9905-7FCA5E99BF27}"
EndProject
Project("{9A19103F-16F7-4668-BE54-9A1E7A4F7556}") = "POSUNO.Skia.Gtk", "POSUNO\POSUNO.Skia.Gtk\POSUNO.Skia.Gtk.csproj", "{4A443854-82F3-4B33-BDF9-57C998EB7111}"
EndProject
Project("{9A19103F-16F7-4668-BE54-9A1E7A4F7556}") = "POSUNO.Skia.Tizen", "POSUNO\POSUNO.Skia.Tizen\POSUNO.Skia.Tizen.csproj", "{3A8BE350-8F13-4BEC-A1A2-1EEB8ED0A08D}"
EndProject
Project("{9A19103F-16F7-4668-BE54-9A1E7A4F7556}") = "POSUNO.Api", "POSUNO.Api\POSUNO.Api.csproj", "{FDB416BC-410D-4E79-B025-DBCD8D84AF35}"
EndProject
Global
	GlobalSection(SharedMSBuildProjectFiles) = preSolution
		POSUNO\POSUNO.Shared\POSUNO.Shared.projitems*{1b5f7f7d-d724-4418-89a9-5adb49d2fffc}*SharedItemsImports = 4
		POSUNO\POSUNO.Shared\POSUNO.Shared.projitems*{286121a8-4369-4e6f-9905-7fca5e99bf27}*SharedItemsImports = 5
		POSUNO\POSUNO.Shared\POSUNO.Shared.projitems*{3a8be350-8f13-4bec-a1a2-1eeb8ed0a08d}*SharedItemsImports = 5
		POSUNO\POSUNO.Shared\POSUNO.Shared.projitems*{4a443854-82f3-4b33-bdf9-57c998eb7111}*SharedItemsImports = 5
		POSUNO\POSUNO.Shared\POSUNO.Shared.projitems*{6279c845-92f8-4333-ab99-3d213163593c}*SharedItemsImports = 13
		POSUNO\POSUNO.Shared\POSUNO.Shared.projitems*{70980408-754f-4aa6-9da2-7dc0739fdbab}*SharedItemsImports = 5
		POSUNO\POSUNO.Shared\POSUNO.Shared.projitems*{ee7a605a-a1c4-4ff4-aadb-f21269beef16}*SharedItemsImports = 4
		POSUNO\POSUNO.Shared\POSUNO.Shared.projitems*{f06a5d07-6a13-4527-80d7-9b9ea1413067}*SharedItemsImports = 4
		POSUNO\POSUNO.Shared\POSUNO.Shared.projitems*{fbb99fd7-e595-4a5f-8c17-93efa1004775}*SharedItemsImports = 4
	EndGlobalSection
	GlobalSection(SolutionConfigurationPlatforms) = preSolution
		Ad-Hoc|Any CPU = Ad-Hoc|Any CPU
		Ad-Hoc|ARM = Ad-Hoc|ARM
		Ad-Hoc|ARM64 = Ad-Hoc|ARM64
		Ad-Hoc|iPhone = Ad-Hoc|iPhone
		Ad-Hoc|iPhoneSimulator = Ad-Hoc|iPhoneSimulator
		Ad-Hoc|x64 = Ad-Hoc|x64
		Ad-Hoc|x86 = Ad-Hoc|x86
		AppStore|Any CPU = AppStore|Any CPU
		AppStore|ARM = AppStore|ARM
		AppStore|ARM64 = AppStore|ARM64
		AppStore|iPhone = AppStore|iPhone
		AppStore|iPhoneSimulator = AppStore|iPhoneSimulator
		AppStore|x64 = AppStore|x64
		AppStore|x86 = AppStore|x86
		Debug|Any CPU = Debug|Any CPU
		Debug|ARM = Debug|ARM
		Debug|ARM64 = Debug|ARM64
		Debug|iPhone = Debug|iPhone
		Debug|iPhoneSimulator = Debug|iPhoneSimulator
		Debug|x64 = Debug|x64
		Debug|x86 = Debug|x86
		Release|Any CPU = Release|Any CPU
		Release|ARM = Release|ARM
		Release|ARM64 = Release|ARM64
		Release|iPhone = Release|iPhone
		Release|iPhoneSimulator = Release|iPhoneSimulator
		Release|x64 = Release|x64
		Release|x86 = Release|x86
	EndGlobalSection
	GlobalSection(ProjectConfigurationPlatforms) = postSolution
		{F06A5D07-6A13-4527-80D7-9B9EA1413067}.Ad-Hoc|Any CPU.ActiveCfg = Debug|Any CPU
		{F06A5D07-6A13-4527-80D7-9B9EA1413067}.Ad-Hoc|Any CPU.Build.0 = Debug|Any CPU
		{F06A5D07-6A13-4527-80D7-9B9EA1413067}.Ad-Hoc|Any CPU.Deploy.0 = Debug|Any CPU
		{F06A5D07-6A13-4527-80D7-9B9EA1413067}.Ad-Hoc|ARM.ActiveCfg = Debug|Any CPU
		{F06A5D07-6A13-4527-80D7-9B9EA1413067}.Ad-Hoc|ARM.Build.0 = Debug|Any CPU
		{F06A5D07-6A13-4527-80D7-9B9EA1413067}.Ad-Hoc|ARM.Deploy.0 = Debug|Any CPU
		{F06A5D07-6A13-4527-80D7-9B9EA1413067}.Ad-Hoc|ARM64.ActiveCfg = Debug|Any CPU
		{F06A5D07-6A13-4527-80D7-9B9EA1413067}.Ad-Hoc|ARM64.Build.0 = Debug|Any CPU
		{F06A5D07-6A13-4527-80D7-9B9EA1413067}.Ad-Hoc|ARM64.Deploy.0 = Debug|Any CPU
		{F06A5D07-6A13-4527-80D7-9B9EA1413067}.Ad-Hoc|iPhone.ActiveCfg = Debug|Any CPU
		{F06A5D07-6A13-4527-80D7-9B9EA1413067}.Ad-Hoc|iPhone.Build.0 = Debug|Any CPU
		{F06A5D07-6A13-4527-80D7-9B9EA1413067}.Ad-Hoc|iPhone.Deploy.0 = Debug|Any CPU
		{F06A5D07-6A13-4527-80D7-9B9EA1413067}.Ad-Hoc|iPhoneSimulator.ActiveCfg = Debug|Any CPU
		{F06A5D07-6A13-4527-80D7-9B9EA1413067}.Ad-Hoc|iPhoneSimulator.Build.0 = Debug|Any CPU
		{F06A5D07-6A13-4527-80D7-9B9EA1413067}.Ad-Hoc|iPhoneSimulator.Deploy.0 = Debug|Any CPU
		{F06A5D07-6A13-4527-80D7-9B9EA1413067}.Ad-Hoc|x64.ActiveCfg = Debug|Any CPU
		{F06A5D07-6A13-4527-80D7-9B9EA1413067}.Ad-Hoc|x64.Build.0 = Debug|Any CPU
		{F06A5D07-6A13-4527-80D7-9B9EA1413067}.Ad-Hoc|x64.Deploy.0 = Debug|Any CPU
		{F06A5D07-6A13-4527-80D7-9B9EA1413067}.Ad-Hoc|x86.ActiveCfg = Debug|Any CPU
		{F06A5D07-6A13-4527-80D7-9B9EA1413067}.Ad-Hoc|x86.Build.0 = Debug|Any CPU
		{F06A5D07-6A13-4527-80D7-9B9EA1413067}.Ad-Hoc|x86.Deploy.0 = Debug|Any CPU
		{F06A5D07-6A13-4527-80D7-9B9EA1413067}.AppStore|Any CPU.ActiveCfg = Debug|Any CPU
		{F06A5D07-6A13-4527-80D7-9B9EA1413067}.AppStore|Any CPU.Build.0 = Debug|Any CPU
		{F06A5D07-6A13-4527-80D7-9B9EA1413067}.AppStore|Any CPU.Deploy.0 = Debug|Any CPU
		{F06A5D07-6A13-4527-80D7-9B9EA1413067}.AppStore|ARM.ActiveCfg = Debug|Any CPU
		{F06A5D07-6A13-4527-80D7-9B9EA1413067}.AppStore|ARM.Build.0 = Debug|Any CPU
		{F06A5D07-6A13-4527-80D7-9B9EA1413067}.AppStore|ARM.Deploy.0 = Debug|Any CPU
		{F06A5D07-6A13-4527-80D7-9B9EA1413067}.AppStore|ARM64.ActiveCfg = Debug|Any CPU
		{F06A5D07-6A13-4527-80D7-9B9EA1413067}.AppStore|ARM64.Build.0 = Debug|Any CPU
		{F06A5D07-6A13-4527-80D7-9B9EA1413067}.AppStore|ARM64.Deploy.0 = Debug|Any CPU
		{F06A5D07-6A13-4527-80D7-9B9EA1413067}.AppStore|iPhone.ActiveCfg = Debug|Any CPU
		{F06A5D07-6A13-4527-80D7-9B9EA1413067}.AppStore|iPhone.Build.0 = Debug|Any CPU
		{F06A5D07-6A13-4527-80D7-9B9EA1413067}.AppStore|iPhone.Deploy.0 = Debug|Any CPU
		{F06A5D07-6A13-4527-80D7-9B9EA1413067}.AppStore|iPhoneSimulator.ActiveCfg = Debug|Any CPU
		{F06A5D07-6A13-4527-80D7-9B9EA1413067}.AppStore|iPhoneSimulator.Build.0 = Debug|Any CPU
		{F06A5D07-6A13-4527-80D7-9B9EA1413067}.AppStore|iPhoneSimulator.Deploy.0 = Debug|Any CPU
		{F06A5D07-6A13-4527-80D7-9B9EA1413067}.AppStore|x64.ActiveCfg = Debug|Any CPU
		{F06A5D07-6A13-4527-80D7-9B9EA1413067}.AppStore|x64.Build.0 = Debug|Any CPU
		{F06A5D07-6A13-4527-80D7-9B9EA1413067}.AppStore|x64.Deploy.0 = Debug|Any CPU
		{F06A5D07-6A13-4527-80D7-9B9EA1413067}.AppStore|x86.ActiveCfg = Debug|Any CPU
		{F06A5D07-6A13-4527-80D7-9B9EA1413067}.AppStore|x86.Build.0 = Debug|Any CPU
		{F06A5D07-6A13-4527-80D7-9B9EA1413067}.AppStore|x86.Deploy.0 = Debug|Any CPU
		{F06A5D07-6A13-4527-80D7-9B9EA1413067}.Debug|Any CPU.ActiveCfg = Debug|Any CPU
		{F06A5D07-6A13-4527-80D7-9B9EA1413067}.Debug|Any CPU.Build.0 = Debug|Any CPU
		{F06A5D07-6A13-4527-80D7-9B9EA1413067}.Debug|Any CPU.Deploy.0 = Debug|Any CPU
		{F06A5D07-6A13-4527-80D7-9B9EA1413067}.Debug|ARM.ActiveCfg = Debug|Any CPU
		{F06A5D07-6A13-4527-80D7-9B9EA1413067}.Debug|ARM.Build.0 = Debug|Any CPU
		{F06A5D07-6A13-4527-80D7-9B9EA1413067}.Debug|ARM.Deploy.0 = Debug|Any CPU
		{F06A5D07-6A13-4527-80D7-9B9EA1413067}.Debug|ARM64.ActiveCfg = Debug|Any CPU
		{F06A5D07-6A13-4527-80D7-9B9EA1413067}.Debug|ARM64.Build.0 = Debug|Any CPU
		{F06A5D07-6A13-4527-80D7-9B9EA1413067}.Debug|ARM64.Deploy.0 = Debug|Any CPU
		{F06A5D07-6A13-4527-80D7-9B9EA1413067}.Debug|iPhone.ActiveCfg = Debug|Any CPU
		{F06A5D07-6A13-4527-80D7-9B9EA1413067}.Debug|iPhone.Build.0 = Debug|Any CPU
		{F06A5D07-6A13-4527-80D7-9B9EA1413067}.Debug|iPhone.Deploy.0 = Debug|Any CPU
		{F06A5D07-6A13-4527-80D7-9B9EA1413067}.Debug|iPhoneSimulator.ActiveCfg = Debug|Any CPU
		{F06A5D07-6A13-4527-80D7-9B9EA1413067}.Debug|iPhoneSimulator.Build.0 = Debug|Any CPU
		{F06A5D07-6A13-4527-80D7-9B9EA1413067}.Debug|iPhoneSimulator.Deploy.0 = Debug|Any CPU
		{F06A5D07-6A13-4527-80D7-9B9EA1413067}.Debug|x64.ActiveCfg = Debug|Any CPU
		{F06A5D07-6A13-4527-80D7-9B9EA1413067}.Debug|x64.Build.0 = Debug|Any CPU
		{F06A5D07-6A13-4527-80D7-9B9EA1413067}.Debug|x64.Deploy.0 = Debug|Any CPU
		{F06A5D07-6A13-4527-80D7-9B9EA1413067}.Debug|x86.ActiveCfg = Debug|Any CPU
		{F06A5D07-6A13-4527-80D7-9B9EA1413067}.Debug|x86.Build.0 = Debug|Any CPU
		{F06A5D07-6A13-4527-80D7-9B9EA1413067}.Debug|x86.Deploy.0 = Debug|Any CPU
		{F06A5D07-6A13-4527-80D7-9B9EA1413067}.Release|Any CPU.ActiveCfg = Release|Any CPU
		{F06A5D07-6A13-4527-80D7-9B9EA1413067}.Release|Any CPU.Build.0 = Release|Any CPU
		{F06A5D07-6A13-4527-80D7-9B9EA1413067}.Release|Any CPU.Deploy.0 = Release|Any CPU
		{F06A5D07-6A13-4527-80D7-9B9EA1413067}.Release|ARM.ActiveCfg = Release|Any CPU
		{F06A5D07-6A13-4527-80D7-9B9EA1413067}.Release|ARM.Build.0 = Release|Any CPU
		{F06A5D07-6A13-4527-80D7-9B9EA1413067}.Release|ARM.Deploy.0 = Release|Any CPU
		{F06A5D07-6A13-4527-80D7-9B9EA1413067}.Release|ARM64.ActiveCfg = Release|Any CPU
		{F06A5D07-6A13-4527-80D7-9B9EA1413067}.Release|ARM64.Build.0 = Release|Any CPU
		{F06A5D07-6A13-4527-80D7-9B9EA1413067}.Release|ARM64.Deploy.0 = Release|Any CPU
		{F06A5D07-6A13-4527-80D7-9B9EA1413067}.Release|iPhone.ActiveCfg = Release|Any CPU
		{F06A5D07-6A13-4527-80D7-9B9EA1413067}.Release|iPhone.Build.0 = Release|Any CPU
		{F06A5D07-6A13-4527-80D7-9B9EA1413067}.Release|iPhone.Deploy.0 = Release|Any CPU
		{F06A5D07-6A13-4527-80D7-9B9EA1413067}.Release|iPhoneSimulator.ActiveCfg = Release|Any CPU
		{F06A5D07-6A13-4527-80D7-9B9EA1413067}.Release|iPhoneSimulator.Build.0 = Release|Any CPU
		{F06A5D07-6A13-4527-80D7-9B9EA1413067}.Release|iPhoneSimulator.Deploy.0 = Release|Any CPU
		{F06A5D07-6A13-4527-80D7-9B9EA1413067}.Release|x64.ActiveCfg = Release|Any CPU
		{F06A5D07-6A13-4527-80D7-9B9EA1413067}.Release|x64.Build.0 = Release|Any CPU
		{F06A5D07-6A13-4527-80D7-9B9EA1413067}.Release|x64.Deploy.0 = Release|Any CPU
		{F06A5D07-6A13-4527-80D7-9B9EA1413067}.Release|x86.ActiveCfg = Release|Any CPU
		{F06A5D07-6A13-4527-80D7-9B9EA1413067}.Release|x86.Build.0 = Release|Any CPU
		{F06A5D07-6A13-4527-80D7-9B9EA1413067}.Release|x86.Deploy.0 = Release|Any CPU
		{EE7A605A-A1C4-4FF4-AADB-F21269BEEF16}.Ad-Hoc|Any CPU.ActiveCfg = Ad-Hoc|iPhoneSimulator
		{EE7A605A-A1C4-4FF4-AADB-F21269BEEF16}.Ad-Hoc|ARM.ActiveCfg = Ad-Hoc|iPhoneSimulator
		{EE7A605A-A1C4-4FF4-AADB-F21269BEEF16}.Ad-Hoc|ARM64.ActiveCfg = Ad-Hoc|iPhoneSimulator
		{EE7A605A-A1C4-4FF4-AADB-F21269BEEF16}.Ad-Hoc|iPhone.ActiveCfg = Ad-Hoc|iPhone
		{EE7A605A-A1C4-4FF4-AADB-F21269BEEF16}.Ad-Hoc|iPhone.Build.0 = Ad-Hoc|iPhone
		{EE7A605A-A1C4-4FF4-AADB-F21269BEEF16}.Ad-Hoc|iPhoneSimulator.ActiveCfg = Ad-Hoc|iPhoneSimulator
		{EE7A605A-A1C4-4FF4-AADB-F21269BEEF16}.Ad-Hoc|iPhoneSimulator.Build.0 = Ad-Hoc|iPhoneSimulator
		{EE7A605A-A1C4-4FF4-AADB-F21269BEEF16}.Ad-Hoc|x64.ActiveCfg = Ad-Hoc|iPhoneSimulator
		{EE7A605A-A1C4-4FF4-AADB-F21269BEEF16}.Ad-Hoc|x86.ActiveCfg = Ad-Hoc|iPhoneSimulator
		{EE7A605A-A1C4-4FF4-AADB-F21269BEEF16}.AppStore|Any CPU.ActiveCfg = AppStore|iPhoneSimulator
		{EE7A605A-A1C4-4FF4-AADB-F21269BEEF16}.AppStore|ARM.ActiveCfg = AppStore|iPhoneSimulator
		{EE7A605A-A1C4-4FF4-AADB-F21269BEEF16}.AppStore|ARM64.ActiveCfg = AppStore|iPhoneSimulator
		{EE7A605A-A1C4-4FF4-AADB-F21269BEEF16}.AppStore|iPhone.ActiveCfg = AppStore|iPhone
		{EE7A605A-A1C4-4FF4-AADB-F21269BEEF16}.AppStore|iPhone.Build.0 = AppStore|iPhone
		{EE7A605A-A1C4-4FF4-AADB-F21269BEEF16}.AppStore|iPhoneSimulator.ActiveCfg = AppStore|iPhoneSimulator
		{EE7A605A-A1C4-4FF4-AADB-F21269BEEF16}.AppStore|iPhoneSimulator.Build.0 = AppStore|iPhoneSimulator
		{EE7A605A-A1C4-4FF4-AADB-F21269BEEF16}.AppStore|x64.ActiveCfg = AppStore|iPhoneSimulator
		{EE7A605A-A1C4-4FF4-AADB-F21269BEEF16}.AppStore|x86.ActiveCfg = AppStore|iPhoneSimulator
		{EE7A605A-A1C4-4FF4-AADB-F21269BEEF16}.Debug|Any CPU.ActiveCfg = Debug|iPhoneSimulator
		{EE7A605A-A1C4-4FF4-AADB-F21269BEEF16}.Debug|ARM.ActiveCfg = Debug|iPhoneSimulator
		{EE7A605A-A1C4-4FF4-AADB-F21269BEEF16}.Debug|ARM64.ActiveCfg = Debug|iPhoneSimulator
		{EE7A605A-A1C4-4FF4-AADB-F21269BEEF16}.Debug|iPhone.ActiveCfg = Debug|iPhone
		{EE7A605A-A1C4-4FF4-AADB-F21269BEEF16}.Debug|iPhone.Build.0 = Debug|iPhone
		{EE7A605A-A1C4-4FF4-AADB-F21269BEEF16}.Debug|iPhoneSimulator.ActiveCfg = Debug|iPhoneSimulator
		{EE7A605A-A1C4-4FF4-AADB-F21269BEEF16}.Debug|iPhoneSimulator.Build.0 = Debug|iPhoneSimulator
		{EE7A605A-A1C4-4FF4-AADB-F21269BEEF16}.Debug|x64.ActiveCfg = Debug|iPhoneSimulator
		{EE7A605A-A1C4-4FF4-AADB-F21269BEEF16}.Debug|x86.ActiveCfg = Debug|iPhoneSimulator
		{EE7A605A-A1C4-4FF4-AADB-F21269BEEF16}.Release|Any CPU.ActiveCfg = Release|iPhoneSimulator
		{EE7A605A-A1C4-4FF4-AADB-F21269BEEF16}.Release|ARM.ActiveCfg = Release|iPhoneSimulator
		{EE7A605A-A1C4-4FF4-AADB-F21269BEEF16}.Release|ARM64.ActiveCfg = Release|iPhoneSimulator
		{EE7A605A-A1C4-4FF4-AADB-F21269BEEF16}.Release|iPhone.ActiveCfg = Release|iPhone
		{EE7A605A-A1C4-4FF4-AADB-F21269BEEF16}.Release|iPhone.Build.0 = Release|iPhone
		{EE7A605A-A1C4-4FF4-AADB-F21269BEEF16}.Release|iPhoneSimulator.ActiveCfg = Release|iPhoneSimulator
		{EE7A605A-A1C4-4FF4-AADB-F21269BEEF16}.Release|iPhoneSimulator.Build.0 = Release|iPhoneSimulator
		{EE7A605A-A1C4-4FF4-AADB-F21269BEEF16}.Release|x64.ActiveCfg = Release|iPhoneSimulator
		{EE7A605A-A1C4-4FF4-AADB-F21269BEEF16}.Release|x86.ActiveCfg = Release|iPhoneSimulator
		{1B5F7F7D-D724-4418-89A9-5ADB49D2FFFC}.Ad-Hoc|Any CPU.ActiveCfg = Debug|x86
		{1B5F7F7D-D724-4418-89A9-5ADB49D2FFFC}.Ad-Hoc|Any CPU.Build.0 = Debug|x86
		{1B5F7F7D-D724-4418-89A9-5ADB49D2FFFC}.Ad-Hoc|Any CPU.Deploy.0 = Debug|x86
		{1B5F7F7D-D724-4418-89A9-5ADB49D2FFFC}.Ad-Hoc|ARM.ActiveCfg = Debug|ARM
		{1B5F7F7D-D724-4418-89A9-5ADB49D2FFFC}.Ad-Hoc|ARM.Build.0 = Debug|ARM
		{1B5F7F7D-D724-4418-89A9-5ADB49D2FFFC}.Ad-Hoc|ARM.Deploy.0 = Debug|ARM
		{1B5F7F7D-D724-4418-89A9-5ADB49D2FFFC}.Ad-Hoc|ARM64.ActiveCfg = Debug|ARM64
		{1B5F7F7D-D724-4418-89A9-5ADB49D2FFFC}.Ad-Hoc|ARM64.Build.0 = Debug|ARM64
		{1B5F7F7D-D724-4418-89A9-5ADB49D2FFFC}.Ad-Hoc|ARM64.Deploy.0 = Debug|ARM64
		{1B5F7F7D-D724-4418-89A9-5ADB49D2FFFC}.Ad-Hoc|iPhone.ActiveCfg = Debug|x86
		{1B5F7F7D-D724-4418-89A9-5ADB49D2FFFC}.Ad-Hoc|iPhone.Build.0 = Debug|x86
		{1B5F7F7D-D724-4418-89A9-5ADB49D2FFFC}.Ad-Hoc|iPhone.Deploy.0 = Debug|x86
		{1B5F7F7D-D724-4418-89A9-5ADB49D2FFFC}.Ad-Hoc|iPhoneSimulator.ActiveCfg = Debug|x86
		{1B5F7F7D-D724-4418-89A9-5ADB49D2FFFC}.Ad-Hoc|iPhoneSimulator.Build.0 = Debug|x86
		{1B5F7F7D-D724-4418-89A9-5ADB49D2FFFC}.Ad-Hoc|iPhoneSimulator.Deploy.0 = Debug|x86
		{1B5F7F7D-D724-4418-89A9-5ADB49D2FFFC}.Ad-Hoc|x64.ActiveCfg = Debug|x64
		{1B5F7F7D-D724-4418-89A9-5ADB49D2FFFC}.Ad-Hoc|x64.Build.0 = Debug|x64
		{1B5F7F7D-D724-4418-89A9-5ADB49D2FFFC}.Ad-Hoc|x64.Deploy.0 = Debug|x64
		{1B5F7F7D-D724-4418-89A9-5ADB49D2FFFC}.Ad-Hoc|x86.ActiveCfg = Debug|x86
		{1B5F7F7D-D724-4418-89A9-5ADB49D2FFFC}.Ad-Hoc|x86.Build.0 = Debug|x86
		{1B5F7F7D-D724-4418-89A9-5ADB49D2FFFC}.Ad-Hoc|x86.Deploy.0 = Debug|x86
		{1B5F7F7D-D724-4418-89A9-5ADB49D2FFFC}.AppStore|Any CPU.ActiveCfg = Debug|x86
		{1B5F7F7D-D724-4418-89A9-5ADB49D2FFFC}.AppStore|Any CPU.Build.0 = Debug|x86
		{1B5F7F7D-D724-4418-89A9-5ADB49D2FFFC}.AppStore|Any CPU.Deploy.0 = Debug|x86
		{1B5F7F7D-D724-4418-89A9-5ADB49D2FFFC}.AppStore|ARM.ActiveCfg = Debug|ARM
		{1B5F7F7D-D724-4418-89A9-5ADB49D2FFFC}.AppStore|ARM.Build.0 = Debug|ARM
		{1B5F7F7D-D724-4418-89A9-5ADB49D2FFFC}.AppStore|ARM.Deploy.0 = Debug|ARM
		{1B5F7F7D-D724-4418-89A9-5ADB49D2FFFC}.AppStore|ARM64.ActiveCfg = Debug|ARM64
		{1B5F7F7D-D724-4418-89A9-5ADB49D2FFFC}.AppStore|ARM64.Build.0 = Debug|ARM64
		{1B5F7F7D-D724-4418-89A9-5ADB49D2FFFC}.AppStore|ARM64.Deploy.0 = Debug|ARM64
		{1B5F7F7D-D724-4418-89A9-5ADB49D2FFFC}.AppStore|iPhone.ActiveCfg = Debug|x86
		{1B5F7F7D-D724-4418-89A9-5ADB49D2FFFC}.AppStore|iPhone.Build.0 = Debug|x86
		{1B5F7F7D-D724-4418-89A9-5ADB49D2FFFC}.AppStore|iPhone.Deploy.0 = Debug|x86
		{1B5F7F7D-D724-4418-89A9-5ADB49D2FFFC}.AppStore|iPhoneSimulator.ActiveCfg = Debug|x86
		{1B5F7F7D-D724-4418-89A9-5ADB49D2FFFC}.AppStore|iPhoneSimulator.Build.0 = Debug|x86
		{1B5F7F7D-D724-4418-89A9-5ADB49D2FFFC}.AppStore|iPhoneSimulator.Deploy.0 = Debug|x86
		{1B5F7F7D-D724-4418-89A9-5ADB49D2FFFC}.AppStore|x64.ActiveCfg = Debug|x64
		{1B5F7F7D-D724-4418-89A9-5ADB49D2FFFC}.AppStore|x64.Build.0 = Debug|x64
		{1B5F7F7D-D724-4418-89A9-5ADB49D2FFFC}.AppStore|x64.Deploy.0 = Debug|x64
		{1B5F7F7D-D724-4418-89A9-5ADB49D2FFFC}.AppStore|x86.ActiveCfg = Debug|x86
		{1B5F7F7D-D724-4418-89A9-5ADB49D2FFFC}.AppStore|x86.Build.0 = Debug|x86
		{1B5F7F7D-D724-4418-89A9-5ADB49D2FFFC}.AppStore|x86.Deploy.0 = Debug|x86
		{1B5F7F7D-D724-4418-89A9-5ADB49D2FFFC}.Debug|Any CPU.ActiveCfg = Debug|x86
		{1B5F7F7D-D724-4418-89A9-5ADB49D2FFFC}.Debug|Any CPU.Build.0 = Debug|x86
		{1B5F7F7D-D724-4418-89A9-5ADB49D2FFFC}.Debug|Any CPU.Deploy.0 = Debug|x86
		{1B5F7F7D-D724-4418-89A9-5ADB49D2FFFC}.Debug|ARM.ActiveCfg = Debug|ARM
		{1B5F7F7D-D724-4418-89A9-5ADB49D2FFFC}.Debug|ARM.Build.0 = Debug|ARM
		{1B5F7F7D-D724-4418-89A9-5ADB49D2FFFC}.Debug|ARM.Deploy.0 = Debug|ARM
		{1B5F7F7D-D724-4418-89A9-5ADB49D2FFFC}.Debug|ARM64.ActiveCfg = Debug|ARM64
		{1B5F7F7D-D724-4418-89A9-5ADB49D2FFFC}.Debug|ARM64.Build.0 = Debug|ARM64
		{1B5F7F7D-D724-4418-89A9-5ADB49D2FFFC}.Debug|ARM64.Deploy.0 = Debug|ARM64
		{1B5F7F7D-D724-4418-89A9-5ADB49D2FFFC}.Debug|iPhone.ActiveCfg = Debug|x86
		{1B5F7F7D-D724-4418-89A9-5ADB49D2FFFC}.Debug|iPhoneSimulator.ActiveCfg = Debug|x86
		{1B5F7F7D-D724-4418-89A9-5ADB49D2FFFC}.Debug|x64.ActiveCfg = Debug|x64
		{1B5F7F7D-D724-4418-89A9-5ADB49D2FFFC}.Debug|x64.Build.0 = Debug|x64
		{1B5F7F7D-D724-4418-89A9-5ADB49D2FFFC}.Debug|x64.Deploy.0 = Debug|x64
		{1B5F7F7D-D724-4418-89A9-5ADB49D2FFFC}.Debug|x86.ActiveCfg = Debug|x86
		{1B5F7F7D-D724-4418-89A9-5ADB49D2FFFC}.Debug|x86.Build.0 = Debug|x86
		{1B5F7F7D-D724-4418-89A9-5ADB49D2FFFC}.Debug|x86.Deploy.0 = Debug|x86
		{1B5F7F7D-D724-4418-89A9-5ADB49D2FFFC}.Release|Any CPU.ActiveCfg = Release|x86
		{1B5F7F7D-D724-4418-89A9-5ADB49D2FFFC}.Release|ARM.ActiveCfg = Release|ARM
		{1B5F7F7D-D724-4418-89A9-5ADB49D2FFFC}.Release|ARM.Build.0 = Release|ARM
		{1B5F7F7D-D724-4418-89A9-5ADB49D2FFFC}.Release|ARM.Deploy.0 = Release|ARM
		{1B5F7F7D-D724-4418-89A9-5ADB49D2FFFC}.Release|ARM64.ActiveCfg = Release|ARM64
		{1B5F7F7D-D724-4418-89A9-5ADB49D2FFFC}.Release|ARM64.Build.0 = Release|ARM64
		{1B5F7F7D-D724-4418-89A9-5ADB49D2FFFC}.Release|ARM64.Deploy.0 = Release|ARM64
		{1B5F7F7D-D724-4418-89A9-5ADB49D2FFFC}.Release|iPhone.ActiveCfg = Release|x86
		{1B5F7F7D-D724-4418-89A9-5ADB49D2FFFC}.Release|iPhoneSimulator.ActiveCfg = Release|x86
		{1B5F7F7D-D724-4418-89A9-5ADB49D2FFFC}.Release|x64.ActiveCfg = Release|x64
		{1B5F7F7D-D724-4418-89A9-5ADB49D2FFFC}.Release|x64.Build.0 = Release|x64
		{1B5F7F7D-D724-4418-89A9-5ADB49D2FFFC}.Release|x64.Deploy.0 = Release|x64
		{1B5F7F7D-D724-4418-89A9-5ADB49D2FFFC}.Release|x86.ActiveCfg = Release|x86
		{1B5F7F7D-D724-4418-89A9-5ADB49D2FFFC}.Release|x86.Build.0 = Release|x86
		{1B5F7F7D-D724-4418-89A9-5ADB49D2FFFC}.Release|x86.Deploy.0 = Release|x86
		{70980408-754F-4AA6-9DA2-7DC0739FDBAB}.Ad-Hoc|Any CPU.ActiveCfg = Debug|Any CPU
		{70980408-754F-4AA6-9DA2-7DC0739FDBAB}.Ad-Hoc|Any CPU.Build.0 = Debug|Any CPU
		{70980408-754F-4AA6-9DA2-7DC0739FDBAB}.Ad-Hoc|ARM.ActiveCfg = Debug|Any CPU
		{70980408-754F-4AA6-9DA2-7DC0739FDBAB}.Ad-Hoc|ARM.Build.0 = Debug|Any CPU
		{70980408-754F-4AA6-9DA2-7DC0739FDBAB}.Ad-Hoc|ARM64.ActiveCfg = Debug|Any CPU
		{70980408-754F-4AA6-9DA2-7DC0739FDBAB}.Ad-Hoc|ARM64.Build.0 = Debug|Any CPU
		{70980408-754F-4AA6-9DA2-7DC0739FDBAB}.Ad-Hoc|iPhone.ActiveCfg = Debug|Any CPU
		{70980408-754F-4AA6-9DA2-7DC0739FDBAB}.Ad-Hoc|iPhone.Build.0 = Debug|Any CPU
		{70980408-754F-4AA6-9DA2-7DC0739FDBAB}.Ad-Hoc|iPhoneSimulator.ActiveCfg = Debug|Any CPU
		{70980408-754F-4AA6-9DA2-7DC0739FDBAB}.Ad-Hoc|iPhoneSimulator.Build.0 = Debug|Any CPU
		{70980408-754F-4AA6-9DA2-7DC0739FDBAB}.Ad-Hoc|x64.ActiveCfg = Debug|Any CPU
		{70980408-754F-4AA6-9DA2-7DC0739FDBAB}.Ad-Hoc|x64.Build.0 = Debug|Any CPU
		{70980408-754F-4AA6-9DA2-7DC0739FDBAB}.Ad-Hoc|x86.ActiveCfg = Debug|Any CPU
		{70980408-754F-4AA6-9DA2-7DC0739FDBAB}.Ad-Hoc|x86.Build.0 = Debug|Any CPU
		{70980408-754F-4AA6-9DA2-7DC0739FDBAB}.AppStore|Any CPU.ActiveCfg = Debug|Any CPU
		{70980408-754F-4AA6-9DA2-7DC0739FDBAB}.AppStore|Any CPU.Build.0 = Debug|Any CPU
		{70980408-754F-4AA6-9DA2-7DC0739FDBAB}.AppStore|ARM.ActiveCfg = Debug|Any CPU
		{70980408-754F-4AA6-9DA2-7DC0739FDBAB}.AppStore|ARM.Build.0 = Debug|Any CPU
		{70980408-754F-4AA6-9DA2-7DC0739FDBAB}.AppStore|ARM64.ActiveCfg = Debug|Any CPU
		{70980408-754F-4AA6-9DA2-7DC0739FDBAB}.AppStore|ARM64.Build.0 = Debug|Any CPU
		{70980408-754F-4AA6-9DA2-7DC0739FDBAB}.AppStore|iPhone.ActiveCfg = Debug|Any CPU
		{70980408-754F-4AA6-9DA2-7DC0739FDBAB}.AppStore|iPhone.Build.0 = Debug|Any CPU
		{70980408-754F-4AA6-9DA2-7DC0739FDBAB}.AppStore|iPhoneSimulator.ActiveCfg = Debug|Any CPU
		{70980408-754F-4AA6-9DA2-7DC0739FDBAB}.AppStore|iPhoneSimulator.Build.0 = Debug|Any CPU
		{70980408-754F-4AA6-9DA2-7DC0739FDBAB}.AppStore|x64.ActiveCfg = Debug|Any CPU
		{70980408-754F-4AA6-9DA2-7DC0739FDBAB}.AppStore|x64.Build.0 = Debug|Any CPU
		{70980408-754F-4AA6-9DA2-7DC0739FDBAB}.AppStore|x86.ActiveCfg = Debug|Any CPU
		{70980408-754F-4AA6-9DA2-7DC0739FDBAB}.AppStore|x86.Build.0 = Debug|Any CPU
		{70980408-754F-4AA6-9DA2-7DC0739FDBAB}.Debug|Any CPU.ActiveCfg = Debug|Any CPU
		{70980408-754F-4AA6-9DA2-7DC0739FDBAB}.Debug|Any CPU.Build.0 = Debug|Any CPU
		{70980408-754F-4AA6-9DA2-7DC0739FDBAB}.Debug|ARM.ActiveCfg = Debug|Any CPU
		{70980408-754F-4AA6-9DA2-7DC0739FDBAB}.Debug|ARM.Build.0 = Debug|Any CPU
		{70980408-754F-4AA6-9DA2-7DC0739FDBAB}.Debug|ARM64.ActiveCfg = Debug|Any CPU
		{70980408-754F-4AA6-9DA2-7DC0739FDBAB}.Debug|ARM64.Build.0 = Debug|Any CPU
		{70980408-754F-4AA6-9DA2-7DC0739FDBAB}.Debug|iPhone.ActiveCfg = Debug|Any CPU
		{70980408-754F-4AA6-9DA2-7DC0739FDBAB}.Debug|iPhone.Build.0 = Debug|Any CPU
		{70980408-754F-4AA6-9DA2-7DC0739FDBAB}.Debug|iPhoneSimulator.ActiveCfg = Debug|Any CPU
		{70980408-754F-4AA6-9DA2-7DC0739FDBAB}.Debug|iPhoneSimulator.Build.0 = Debug|Any CPU
		{70980408-754F-4AA6-9DA2-7DC0739FDBAB}.Debug|x64.ActiveCfg = Debug|Any CPU
		{70980408-754F-4AA6-9DA2-7DC0739FDBAB}.Debug|x64.Build.0 = Debug|Any CPU
		{70980408-754F-4AA6-9DA2-7DC0739FDBAB}.Debug|x86.ActiveCfg = Debug|Any CPU
		{70980408-754F-4AA6-9DA2-7DC0739FDBAB}.Debug|x86.Build.0 = Debug|Any CPU
		{70980408-754F-4AA6-9DA2-7DC0739FDBAB}.Release|Any CPU.ActiveCfg = Release|Any CPU
		{70980408-754F-4AA6-9DA2-7DC0739FDBAB}.Release|Any CPU.Build.0 = Release|Any CPU
		{70980408-754F-4AA6-9DA2-7DC0739FDBAB}.Release|ARM.ActiveCfg = Release|Any CPU
		{70980408-754F-4AA6-9DA2-7DC0739FDBAB}.Release|ARM.Build.0 = Release|Any CPU
		{70980408-754F-4AA6-9DA2-7DC0739FDBAB}.Release|ARM64.ActiveCfg = Release|Any CPU
		{70980408-754F-4AA6-9DA2-7DC0739FDBAB}.Release|ARM64.Build.0 = Release|Any CPU
		{70980408-754F-4AA6-9DA2-7DC0739FDBAB}.Release|iPhone.ActiveCfg = Release|Any CPU
		{70980408-754F-4AA6-9DA2-7DC0739FDBAB}.Release|iPhone.Build.0 = Release|Any CPU
		{70980408-754F-4AA6-9DA2-7DC0739FDBAB}.Release|iPhoneSimulator.ActiveCfg = Release|Any CPU
		{70980408-754F-4AA6-9DA2-7DC0739FDBAB}.Release|iPhoneSimulator.Build.0 = Release|Any CPU
		{70980408-754F-4AA6-9DA2-7DC0739FDBAB}.Release|x64.ActiveCfg = Release|Any CPU
		{70980408-754F-4AA6-9DA2-7DC0739FDBAB}.Release|x64.Build.0 = Release|Any CPU
		{70980408-754F-4AA6-9DA2-7DC0739FDBAB}.Release|x86.ActiveCfg = Release|Any CPU
		{70980408-754F-4AA6-9DA2-7DC0739FDBAB}.Release|x86.Build.0 = Release|Any CPU
		{FBB99FD7-E595-4A5F-8C17-93EFA1004775}.Ad-Hoc|Any CPU.ActiveCfg = Debug|iPhoneSimulator
		{FBB99FD7-E595-4A5F-8C17-93EFA1004775}.Ad-Hoc|Any CPU.Build.0 = Debug|iPhoneSimulator
		{FBB99FD7-E595-4A5F-8C17-93EFA1004775}.Ad-Hoc|ARM.ActiveCfg = Debug|iPhoneSimulator
		{FBB99FD7-E595-4A5F-8C17-93EFA1004775}.Ad-Hoc|ARM.Build.0 = Debug|iPhoneSimulator
		{FBB99FD7-E595-4A5F-8C17-93EFA1004775}.Ad-Hoc|ARM64.ActiveCfg = Debug|iPhoneSimulator
		{FBB99FD7-E595-4A5F-8C17-93EFA1004775}.Ad-Hoc|ARM64.Build.0 = Debug|iPhoneSimulator
		{FBB99FD7-E595-4A5F-8C17-93EFA1004775}.Ad-Hoc|iPhone.ActiveCfg = Debug|iPhoneSimulator
		{FBB99FD7-E595-4A5F-8C17-93EFA1004775}.Ad-Hoc|iPhone.Build.0 = Debug|iPhoneSimulator
		{FBB99FD7-E595-4A5F-8C17-93EFA1004775}.Ad-Hoc|iPhoneSimulator.ActiveCfg = Debug|iPhoneSimulator
		{FBB99FD7-E595-4A5F-8C17-93EFA1004775}.Ad-Hoc|iPhoneSimulator.Build.0 = Debug|iPhoneSimulator
		{FBB99FD7-E595-4A5F-8C17-93EFA1004775}.Ad-Hoc|x64.ActiveCfg = Debug|iPhoneSimulator
		{FBB99FD7-E595-4A5F-8C17-93EFA1004775}.Ad-Hoc|x64.Build.0 = Debug|iPhoneSimulator
		{FBB99FD7-E595-4A5F-8C17-93EFA1004775}.Ad-Hoc|x86.ActiveCfg = Debug|iPhoneSimulator
		{FBB99FD7-E595-4A5F-8C17-93EFA1004775}.Ad-Hoc|x86.Build.0 = Debug|iPhoneSimulator
		{FBB99FD7-E595-4A5F-8C17-93EFA1004775}.AppStore|Any CPU.ActiveCfg = Debug|iPhoneSimulator
		{FBB99FD7-E595-4A5F-8C17-93EFA1004775}.AppStore|Any CPU.Build.0 = Debug|iPhoneSimulator
		{FBB99FD7-E595-4A5F-8C17-93EFA1004775}.AppStore|ARM.ActiveCfg = Debug|iPhoneSimulator
		{FBB99FD7-E595-4A5F-8C17-93EFA1004775}.AppStore|ARM.Build.0 = Debug|iPhoneSimulator
		{FBB99FD7-E595-4A5F-8C17-93EFA1004775}.AppStore|ARM64.ActiveCfg = Debug|iPhoneSimulator
		{FBB99FD7-E595-4A5F-8C17-93EFA1004775}.AppStore|ARM64.Build.0 = Debug|iPhoneSimulator
		{FBB99FD7-E595-4A5F-8C17-93EFA1004775}.AppStore|iPhone.ActiveCfg = Debug|iPhoneSimulator
		{FBB99FD7-E595-4A5F-8C17-93EFA1004775}.AppStore|iPhone.Build.0 = Debug|iPhoneSimulator
		{FBB99FD7-E595-4A5F-8C17-93EFA1004775}.AppStore|iPhoneSimulator.ActiveCfg = Debug|iPhoneSimulator
		{FBB99FD7-E595-4A5F-8C17-93EFA1004775}.AppStore|iPhoneSimulator.Build.0 = Debug|iPhoneSimulator
		{FBB99FD7-E595-4A5F-8C17-93EFA1004775}.AppStore|x64.ActiveCfg = Debug|iPhoneSimulator
		{FBB99FD7-E595-4A5F-8C17-93EFA1004775}.AppStore|x64.Build.0 = Debug|iPhoneSimulator
		{FBB99FD7-E595-4A5F-8C17-93EFA1004775}.AppStore|x86.ActiveCfg = Debug|iPhoneSimulator
		{FBB99FD7-E595-4A5F-8C17-93EFA1004775}.AppStore|x86.Build.0 = Debug|iPhoneSimulator
		{FBB99FD7-E595-4A5F-8C17-93EFA1004775}.Debug|Any CPU.ActiveCfg = Debug|iPhoneSimulator
		{FBB99FD7-E595-4A5F-8C17-93EFA1004775}.Debug|ARM.ActiveCfg = Debug|iPhoneSimulator
		{FBB99FD7-E595-4A5F-8C17-93EFA1004775}.Debug|ARM64.ActiveCfg = Debug|iPhoneSimulator
		{FBB99FD7-E595-4A5F-8C17-93EFA1004775}.Debug|iPhone.ActiveCfg = Debug|iPhoneSimulator
		{FBB99FD7-E595-4A5F-8C17-93EFA1004775}.Debug|iPhoneSimulator.ActiveCfg = Debug|iPhoneSimulator
		{FBB99FD7-E595-4A5F-8C17-93EFA1004775}.Debug|iPhoneSimulator.Build.0 = Debug|iPhoneSimulator
		{FBB99FD7-E595-4A5F-8C17-93EFA1004775}.Debug|x64.ActiveCfg = Debug|iPhoneSimulator
		{FBB99FD7-E595-4A5F-8C17-93EFA1004775}.Debug|x86.ActiveCfg = Debug|iPhoneSimulator
		{FBB99FD7-E595-4A5F-8C17-93EFA1004775}.Release|Any CPU.ActiveCfg = Release|iPhoneSimulator
		{FBB99FD7-E595-4A5F-8C17-93EFA1004775}.Release|ARM.ActiveCfg = Release|iPhoneSimulator
		{FBB99FD7-E595-4A5F-8C17-93EFA1004775}.Release|ARM64.ActiveCfg = Release|iPhoneSimulator
		{FBB99FD7-E595-4A5F-8C17-93EFA1004775}.Release|iPhone.ActiveCfg = Release|iPhoneSimulator
		{FBB99FD7-E595-4A5F-8C17-93EFA1004775}.Release|iPhoneSimulator.ActiveCfg = Release|iPhoneSimulator
		{FBB99FD7-E595-4A5F-8C17-93EFA1004775}.Release|iPhoneSimulator.Build.0 = Release|iPhoneSimulator
		{FBB99FD7-E595-4A5F-8C17-93EFA1004775}.Release|x64.ActiveCfg = Release|iPhoneSimulator
		{FBB99FD7-E595-4A5F-8C17-93EFA1004775}.Release|x86.ActiveCfg = Release|iPhoneSimulator
		{9066DE0F-0AB2-4B5A-BD16-D88A067415FE}.Ad-Hoc|Any CPU.ActiveCfg = Debug|Any CPU
		{9066DE0F-0AB2-4B5A-BD16-D88A067415FE}.Ad-Hoc|Any CPU.Build.0 = Debug|Any CPU
		{9066DE0F-0AB2-4B5A-BD16-D88A067415FE}.Ad-Hoc|ARM.ActiveCfg = Debug|Any CPU
		{9066DE0F-0AB2-4B5A-BD16-D88A067415FE}.Ad-Hoc|ARM.Build.0 = Debug|Any CPU
		{9066DE0F-0AB2-4B5A-BD16-D88A067415FE}.Ad-Hoc|ARM64.ActiveCfg = Debug|Any CPU
		{9066DE0F-0AB2-4B5A-BD16-D88A067415FE}.Ad-Hoc|ARM64.Build.0 = Debug|Any CPU
		{9066DE0F-0AB2-4B5A-BD16-D88A067415FE}.Ad-Hoc|iPhone.ActiveCfg = Debug|Any CPU
		{9066DE0F-0AB2-4B5A-BD16-D88A067415FE}.Ad-Hoc|iPhone.Build.0 = Debug|Any CPU
		{9066DE0F-0AB2-4B5A-BD16-D88A067415FE}.Ad-Hoc|iPhoneSimulator.ActiveCfg = Debug|Any CPU
		{9066DE0F-0AB2-4B5A-BD16-D88A067415FE}.Ad-Hoc|iPhoneSimulator.Build.0 = Debug|Any CPU
		{9066DE0F-0AB2-4B5A-BD16-D88A067415FE}.Ad-Hoc|x64.ActiveCfg = Debug|Any CPU
		{9066DE0F-0AB2-4B5A-BD16-D88A067415FE}.Ad-Hoc|x64.Build.0 = Debug|Any CPU
		{9066DE0F-0AB2-4B5A-BD16-D88A067415FE}.Ad-Hoc|x86.ActiveCfg = Debug|Any CPU
		{9066DE0F-0AB2-4B5A-BD16-D88A067415FE}.Ad-Hoc|x86.Build.0 = Debug|Any CPU
		{9066DE0F-0AB2-4B5A-BD16-D88A067415FE}.AppStore|Any CPU.ActiveCfg = Debug|Any CPU
		{9066DE0F-0AB2-4B5A-BD16-D88A067415FE}.AppStore|Any CPU.Build.0 = Debug|Any CPU
		{9066DE0F-0AB2-4B5A-BD16-D88A067415FE}.AppStore|ARM.ActiveCfg = Debug|Any CPU
		{9066DE0F-0AB2-4B5A-BD16-D88A067415FE}.AppStore|ARM.Build.0 = Debug|Any CPU
		{9066DE0F-0AB2-4B5A-BD16-D88A067415FE}.AppStore|ARM64.ActiveCfg = Debug|Any CPU
		{9066DE0F-0AB2-4B5A-BD16-D88A067415FE}.AppStore|ARM64.Build.0 = Debug|Any CPU
		{9066DE0F-0AB2-4B5A-BD16-D88A067415FE}.AppStore|iPhone.ActiveCfg = Debug|Any CPU
		{9066DE0F-0AB2-4B5A-BD16-D88A067415FE}.AppStore|iPhone.Build.0 = Debug|Any CPU
		{9066DE0F-0AB2-4B5A-BD16-D88A067415FE}.AppStore|iPhoneSimulator.ActiveCfg = Debug|Any CPU
		{9066DE0F-0AB2-4B5A-BD16-D88A067415FE}.AppStore|iPhoneSimulator.Build.0 = Debug|Any CPU
		{9066DE0F-0AB2-4B5A-BD16-D88A067415FE}.AppStore|x64.ActiveCfg = Debug|Any CPU
		{9066DE0F-0AB2-4B5A-BD16-D88A067415FE}.AppStore|x64.Build.0 = Debug|Any CPU
		{9066DE0F-0AB2-4B5A-BD16-D88A067415FE}.AppStore|x86.ActiveCfg = Debug|Any CPU
		{9066DE0F-0AB2-4B5A-BD16-D88A067415FE}.AppStore|x86.Build.0 = Debug|Any CPU
		{9066DE0F-0AB2-4B5A-BD16-D88A067415FE}.Debug|Any CPU.ActiveCfg = Debug|Any CPU
		{9066DE0F-0AB2-4B5A-BD16-D88A067415FE}.Debug|Any CPU.Build.0 = Debug|Any CPU
		{9066DE0F-0AB2-4B5A-BD16-D88A067415FE}.Debug|ARM.ActiveCfg = Debug|Any CPU
		{9066DE0F-0AB2-4B5A-BD16-D88A067415FE}.Debug|ARM.Build.0 = Debug|Any CPU
		{9066DE0F-0AB2-4B5A-BD16-D88A067415FE}.Debug|ARM64.ActiveCfg = Debug|Any CPU
		{9066DE0F-0AB2-4B5A-BD16-D88A067415FE}.Debug|ARM64.Build.0 = Debug|Any CPU
		{9066DE0F-0AB2-4B5A-BD16-D88A067415FE}.Debug|iPhone.ActiveCfg = Debug|Any CPU
		{9066DE0F-0AB2-4B5A-BD16-D88A067415FE}.Debug|iPhone.Build.0 = Debug|Any CPU
		{9066DE0F-0AB2-4B5A-BD16-D88A067415FE}.Debug|iPhoneSimulator.ActiveCfg = Debug|Any CPU
		{9066DE0F-0AB2-4B5A-BD16-D88A067415FE}.Debug|iPhoneSimulator.Build.0 = Debug|Any CPU
		{9066DE0F-0AB2-4B5A-BD16-D88A067415FE}.Debug|x64.ActiveCfg = Debug|Any CPU
		{9066DE0F-0AB2-4B5A-BD16-D88A067415FE}.Debug|x64.Build.0 = Debug|Any CPU
		{9066DE0F-0AB2-4B5A-BD16-D88A067415FE}.Debug|x86.ActiveCfg = Debug|Any CPU
		{9066DE0F-0AB2-4B5A-BD16-D88A067415FE}.Debug|x86.Build.0 = Debug|Any CPU
		{9066DE0F-0AB2-4B5A-BD16-D88A067415FE}.Release|Any CPU.ActiveCfg = Release|Any CPU
		{9066DE0F-0AB2-4B5A-BD16-D88A067415FE}.Release|Any CPU.Build.0 = Release|Any CPU
		{9066DE0F-0AB2-4B5A-BD16-D88A067415FE}.Release|ARM.ActiveCfg = Release|Any CPU
		{9066DE0F-0AB2-4B5A-BD16-D88A067415FE}.Release|ARM.Build.0 = Release|Any CPU
		{9066DE0F-0AB2-4B5A-BD16-D88A067415FE}.Release|ARM64.ActiveCfg = Release|Any CPU
		{9066DE0F-0AB2-4B5A-BD16-D88A067415FE}.Release|ARM64.Build.0 = Release|Any CPU
		{9066DE0F-0AB2-4B5A-BD16-D88A067415FE}.Release|iPhone.ActiveCfg = Release|Any CPU
		{9066DE0F-0AB2-4B5A-BD16-D88A067415FE}.Release|iPhone.Build.0 = Release|Any CPU
		{9066DE0F-0AB2-4B5A-BD16-D88A067415FE}.Release|iPhoneSimulator.ActiveCfg = Release|Any CPU
		{9066DE0F-0AB2-4B5A-BD16-D88A067415FE}.Release|iPhoneSimulator.Build.0 = Release|Any CPU
		{9066DE0F-0AB2-4B5A-BD16-D88A067415FE}.Release|x64.ActiveCfg = Release|Any CPU
		{9066DE0F-0AB2-4B5A-BD16-D88A067415FE}.Release|x64.Build.0 = Release|Any CPU
		{9066DE0F-0AB2-4B5A-BD16-D88A067415FE}.Release|x86.ActiveCfg = Release|Any CPU
		{9066DE0F-0AB2-4B5A-BD16-D88A067415FE}.Release|x86.Build.0 = Release|Any CPU
		{286121A8-4369-4E6F-9905-7FCA5E99BF27}.Ad-Hoc|Any CPU.ActiveCfg = Debug|Any CPU
		{286121A8-4369-4E6F-9905-7FCA5E99BF27}.Ad-Hoc|Any CPU.Build.0 = Debug|Any CPU
		{286121A8-4369-4E6F-9905-7FCA5E99BF27}.Ad-Hoc|ARM.ActiveCfg = Debug|Any CPU
		{286121A8-4369-4E6F-9905-7FCA5E99BF27}.Ad-Hoc|ARM.Build.0 = Debug|Any CPU
		{286121A8-4369-4E6F-9905-7FCA5E99BF27}.Ad-Hoc|ARM64.ActiveCfg = Debug|Any CPU
		{286121A8-4369-4E6F-9905-7FCA5E99BF27}.Ad-Hoc|ARM64.Build.0 = Debug|Any CPU
		{286121A8-4369-4E6F-9905-7FCA5E99BF27}.Ad-Hoc|iPhone.ActiveCfg = Debug|Any CPU
		{286121A8-4369-4E6F-9905-7FCA5E99BF27}.Ad-Hoc|iPhone.Build.0 = Debug|Any CPU
		{286121A8-4369-4E6F-9905-7FCA5E99BF27}.Ad-Hoc|iPhoneSimulator.ActiveCfg = Debug|Any CPU
		{286121A8-4369-4E6F-9905-7FCA5E99BF27}.Ad-Hoc|iPhoneSimulator.Build.0 = Debug|Any CPU
		{286121A8-4369-4E6F-9905-7FCA5E99BF27}.Ad-Hoc|x64.ActiveCfg = Debug|Any CPU
		{286121A8-4369-4E6F-9905-7FCA5E99BF27}.Ad-Hoc|x64.Build.0 = Debug|Any CPU
		{286121A8-4369-4E6F-9905-7FCA5E99BF27}.Ad-Hoc|x86.ActiveCfg = Debug|Any CPU
		{286121A8-4369-4E6F-9905-7FCA5E99BF27}.Ad-Hoc|x86.Build.0 = Debug|Any CPU
		{286121A8-4369-4E6F-9905-7FCA5E99BF27}.AppStore|Any CPU.ActiveCfg = Debug|Any CPU
		{286121A8-4369-4E6F-9905-7FCA5E99BF27}.AppStore|Any CPU.Build.0 = Debug|Any CPU
		{286121A8-4369-4E6F-9905-7FCA5E99BF27}.AppStore|ARM.ActiveCfg = Debug|Any CPU
		{286121A8-4369-4E6F-9905-7FCA5E99BF27}.AppStore|ARM.Build.0 = Debug|Any CPU
		{286121A8-4369-4E6F-9905-7FCA5E99BF27}.AppStore|ARM64.ActiveCfg = Debug|Any CPU
		{286121A8-4369-4E6F-9905-7FCA5E99BF27}.AppStore|ARM64.Build.0 = Debug|Any CPU
		{286121A8-4369-4E6F-9905-7FCA5E99BF27}.AppStore|iPhone.ActiveCfg = Debug|Any CPU
		{286121A8-4369-4E6F-9905-7FCA5E99BF27}.AppStore|iPhone.Build.0 = Debug|Any CPU
		{286121A8-4369-4E6F-9905-7FCA5E99BF27}.AppStore|iPhoneSimulator.ActiveCfg = Debug|Any CPU
		{286121A8-4369-4E6F-9905-7FCA5E99BF27}.AppStore|iPhoneSimulator.Build.0 = Debug|Any CPU
		{286121A8-4369-4E6F-9905-7FCA5E99BF27}.AppStore|x64.ActiveCfg = Debug|Any CPU
		{286121A8-4369-4E6F-9905-7FCA5E99BF27}.AppStore|x64.Build.0 = Debug|Any CPU
		{286121A8-4369-4E6F-9905-7FCA5E99BF27}.AppStore|x86.ActiveCfg = Debug|Any CPU
		{286121A8-4369-4E6F-9905-7FCA5E99BF27}.AppStore|x86.Build.0 = Debug|Any CPU
		{286121A8-4369-4E6F-9905-7FCA5E99BF27}.Debug|Any CPU.ActiveCfg = Debug|Any CPU
		{286121A8-4369-4E6F-9905-7FCA5E99BF27}.Debug|Any CPU.Build.0 = Debug|Any CPU
		{286121A8-4369-4E6F-9905-7FCA5E99BF27}.Debug|ARM.ActiveCfg = Debug|Any CPU
		{286121A8-4369-4E6F-9905-7FCA5E99BF27}.Debug|ARM.Build.0 = Debug|Any CPU
		{286121A8-4369-4E6F-9905-7FCA5E99BF27}.Debug|ARM64.ActiveCfg = Debug|Any CPU
		{286121A8-4369-4E6F-9905-7FCA5E99BF27}.Debug|ARM64.Build.0 = Debug|Any CPU
		{286121A8-4369-4E6F-9905-7FCA5E99BF27}.Debug|iPhone.ActiveCfg = Debug|Any CPU
		{286121A8-4369-4E6F-9905-7FCA5E99BF27}.Debug|iPhone.Build.0 = Debug|Any CPU
		{286121A8-4369-4E6F-9905-7FCA5E99BF27}.Debug|iPhoneSimulator.ActiveCfg = Debug|Any CPU
		{286121A8-4369-4E6F-9905-7FCA5E99BF27}.Debug|iPhoneSimulator.Build.0 = Debug|Any CPU
		{286121A8-4369-4E6F-9905-7FCA5E99BF27}.Debug|x64.ActiveCfg = Debug|Any CPU
		{286121A8-4369-4E6F-9905-7FCA5E99BF27}.Debug|x64.Build.0 = Debug|Any CPU
		{286121A8-4369-4E6F-9905-7FCA5E99BF27}.Debug|x86.ActiveCfg = Debug|Any CPU
		{286121A8-4369-4E6F-9905-7FCA5E99BF27}.Debug|x86.Build.0 = Debug|Any CPU
		{286121A8-4369-4E6F-9905-7FCA5E99BF27}.Release|Any CPU.ActiveCfg = Release|Any CPU
		{286121A8-4369-4E6F-9905-7FCA5E99BF27}.Release|Any CPU.Build.0 = Release|Any CPU
		{286121A8-4369-4E6F-9905-7FCA5E99BF27}.Release|ARM.ActiveCfg = Release|Any CPU
		{286121A8-4369-4E6F-9905-7FCA5E99BF27}.Release|ARM.Build.0 = Release|Any CPU
		{286121A8-4369-4E6F-9905-7FCA5E99BF27}.Release|ARM64.ActiveCfg = Release|Any CPU
		{286121A8-4369-4E6F-9905-7FCA5E99BF27}.Release|ARM64.Build.0 = Release|Any CPU
		{286121A8-4369-4E6F-9905-7FCA5E99BF27}.Release|iPhone.ActiveCfg = Release|Any CPU
		{286121A8-4369-4E6F-9905-7FCA5E99BF27}.Release|iPhone.Build.0 = Release|Any CPU
		{286121A8-4369-4E6F-9905-7FCA5E99BF27}.Release|iPhoneSimulator.ActiveCfg = Release|Any CPU
		{286121A8-4369-4E6F-9905-7FCA5E99BF27}.Release|iPhoneSimulator.Build.0 = Release|Any CPU
		{286121A8-4369-4E6F-9905-7FCA5E99BF27}.Release|x64.ActiveCfg = Release|Any CPU
		{286121A8-4369-4E6F-9905-7FCA5E99BF27}.Release|x64.Build.0 = Release|Any CPU
		{286121A8-4369-4E6F-9905-7FCA5E99BF27}.Release|x86.ActiveCfg = Release|Any CPU
		{286121A8-4369-4E6F-9905-7FCA5E99BF27}.Release|x86.Build.0 = Release|Any CPU
		{4A443854-82F3-4B33-BDF9-57C998EB7111}.Ad-Hoc|Any CPU.ActiveCfg = Debug|Any CPU
		{4A443854-82F3-4B33-BDF9-57C998EB7111}.Ad-Hoc|Any CPU.Build.0 = Debug|Any CPU
		{4A443854-82F3-4B33-BDF9-57C998EB7111}.Ad-Hoc|ARM.ActiveCfg = Debug|Any CPU
		{4A443854-82F3-4B33-BDF9-57C998EB7111}.Ad-Hoc|ARM.Build.0 = Debug|Any CPU
		{4A443854-82F3-4B33-BDF9-57C998EB7111}.Ad-Hoc|ARM64.ActiveCfg = Debug|Any CPU
		{4A443854-82F3-4B33-BDF9-57C998EB7111}.Ad-Hoc|ARM64.Build.0 = Debug|Any CPU
		{4A443854-82F3-4B33-BDF9-57C998EB7111}.Ad-Hoc|iPhone.ActiveCfg = Debug|Any CPU
		{4A443854-82F3-4B33-BDF9-57C998EB7111}.Ad-Hoc|iPhone.Build.0 = Debug|Any CPU
		{4A443854-82F3-4B33-BDF9-57C998EB7111}.Ad-Hoc|iPhoneSimulator.ActiveCfg = Debug|Any CPU
		{4A443854-82F3-4B33-BDF9-57C998EB7111}.Ad-Hoc|iPhoneSimulator.Build.0 = Debug|Any CPU
		{4A443854-82F3-4B33-BDF9-57C998EB7111}.Ad-Hoc|x64.ActiveCfg = Debug|Any CPU
		{4A443854-82F3-4B33-BDF9-57C998EB7111}.Ad-Hoc|x64.Build.0 = Debug|Any CPU
		{4A443854-82F3-4B33-BDF9-57C998EB7111}.Ad-Hoc|x86.ActiveCfg = Debug|Any CPU
		{4A443854-82F3-4B33-BDF9-57C998EB7111}.Ad-Hoc|x86.Build.0 = Debug|Any CPU
		{4A443854-82F3-4B33-BDF9-57C998EB7111}.AppStore|Any CPU.ActiveCfg = Debug|Any CPU
		{4A443854-82F3-4B33-BDF9-57C998EB7111}.AppStore|Any CPU.Build.0 = Debug|Any CPU
		{4A443854-82F3-4B33-BDF9-57C998EB7111}.AppStore|ARM.ActiveCfg = Debug|Any CPU
		{4A443854-82F3-4B33-BDF9-57C998EB7111}.AppStore|ARM.Build.0 = Debug|Any CPU
		{4A443854-82F3-4B33-BDF9-57C998EB7111}.AppStore|ARM64.ActiveCfg = Debug|Any CPU
		{4A443854-82F3-4B33-BDF9-57C998EB7111}.AppStore|ARM64.Build.0 = Debug|Any CPU
		{4A443854-82F3-4B33-BDF9-57C998EB7111}.AppStore|iPhone.ActiveCfg = Debug|Any CPU
		{4A443854-82F3-4B33-BDF9-57C998EB7111}.AppStore|iPhone.Build.0 = Debug|Any CPU
		{4A443854-82F3-4B33-BDF9-57C998EB7111}.AppStore|iPhoneSimulator.ActiveCfg = Debug|Any CPU
		{4A443854-82F3-4B33-BDF9-57C998EB7111}.AppStore|iPhoneSimulator.Build.0 = Debug|Any CPU
		{4A443854-82F3-4B33-BDF9-57C998EB7111}.AppStore|x64.ActiveCfg = Debug|Any CPU
		{4A443854-82F3-4B33-BDF9-57C998EB7111}.AppStore|x64.Build.0 = Debug|Any CPU
		{4A443854-82F3-4B33-BDF9-57C998EB7111}.AppStore|x86.ActiveCfg = Debug|Any CPU
		{4A443854-82F3-4B33-BDF9-57C998EB7111}.AppStore|x86.Build.0 = Debug|Any CPU
		{4A443854-82F3-4B33-BDF9-57C998EB7111}.Debug|Any CPU.ActiveCfg = Debug|Any CPU
		{4A443854-82F3-4B33-BDF9-57C998EB7111}.Debug|Any CPU.Build.0 = Debug|Any CPU
		{4A443854-82F3-4B33-BDF9-57C998EB7111}.Debug|ARM.ActiveCfg = Debug|Any CPU
		{4A443854-82F3-4B33-BDF9-57C998EB7111}.Debug|ARM.Build.0 = Debug|Any CPU
		{4A443854-82F3-4B33-BDF9-57C998EB7111}.Debug|ARM64.ActiveCfg = Debug|Any CPU
		{4A443854-82F3-4B33-BDF9-57C998EB7111}.Debug|ARM64.Build.0 = Debug|Any CPU
		{4A443854-82F3-4B33-BDF9-57C998EB7111}.Debug|iPhone.ActiveCfg = Debug|Any CPU
		{4A443854-82F3-4B33-BDF9-57C998EB7111}.Debug|iPhone.Build.0 = Debug|Any CPU
		{4A443854-82F3-4B33-BDF9-57C998EB7111}.Debug|iPhoneSimulator.ActiveCfg = Debug|Any CPU
		{4A443854-82F3-4B33-BDF9-57C998EB7111}.Debug|iPhoneSimulator.Build.0 = Debug|Any CPU
		{4A443854-82F3-4B33-BDF9-57C998EB7111}.Debug|x64.ActiveCfg = Debug|Any CPU
		{4A443854-82F3-4B33-BDF9-57C998EB7111}.Debug|x64.Build.0 = Debug|Any CPU
		{4A443854-82F3-4B33-BDF9-57C998EB7111}.Debug|x86.ActiveCfg = Debug|Any CPU
		{4A443854-82F3-4B33-BDF9-57C998EB7111}.Debug|x86.Build.0 = Debug|Any CPU
		{4A443854-82F3-4B33-BDF9-57C998EB7111}.Release|Any CPU.ActiveCfg = Release|Any CPU
		{4A443854-82F3-4B33-BDF9-57C998EB7111}.Release|Any CPU.Build.0 = Release|Any CPU
		{4A443854-82F3-4B33-BDF9-57C998EB7111}.Release|ARM.ActiveCfg = Release|Any CPU
		{4A443854-82F3-4B33-BDF9-57C998EB7111}.Release|ARM.Build.0 = Release|Any CPU
		{4A443854-82F3-4B33-BDF9-57C998EB7111}.Release|ARM64.ActiveCfg = Release|Any CPU
		{4A443854-82F3-4B33-BDF9-57C998EB7111}.Release|ARM64.Build.0 = Release|Any CPU
		{4A443854-82F3-4B33-BDF9-57C998EB7111}.Release|iPhone.ActiveCfg = Release|Any CPU
		{4A443854-82F3-4B33-BDF9-57C998EB7111}.Release|iPhone.Build.0 = Release|Any CPU
		{4A443854-82F3-4B33-BDF9-57C998EB7111}.Release|iPhoneSimulator.ActiveCfg = Release|Any CPU
		{4A443854-82F3-4B33-BDF9-57C998EB7111}.Release|iPhoneSimulator.Build.0 = Release|Any CPU
		{4A443854-82F3-4B33-BDF9-57C998EB7111}.Release|x64.ActiveCfg = Release|Any CPU
		{4A443854-82F3-4B33-BDF9-57C998EB7111}.Release|x64.Build.0 = Release|Any CPU
		{4A443854-82F3-4B33-BDF9-57C998EB7111}.Release|x86.ActiveCfg = Release|Any CPU
		{4A443854-82F3-4B33-BDF9-57C998EB7111}.Release|x86.Build.0 = Release|Any CPU
		{3A8BE350-8F13-4BEC-A1A2-1EEB8ED0A08D}.Ad-Hoc|Any CPU.ActiveCfg = Debug|Any CPU
		{3A8BE350-8F13-4BEC-A1A2-1EEB8ED0A08D}.Ad-Hoc|Any CPU.Build.0 = Debug|Any CPU
		{3A8BE350-8F13-4BEC-A1A2-1EEB8ED0A08D}.Ad-Hoc|ARM.ActiveCfg = Debug|Any CPU
		{3A8BE350-8F13-4BEC-A1A2-1EEB8ED0A08D}.Ad-Hoc|ARM.Build.0 = Debug|Any CPU
		{3A8BE350-8F13-4BEC-A1A2-1EEB8ED0A08D}.Ad-Hoc|ARM64.ActiveCfg = Debug|Any CPU
		{3A8BE350-8F13-4BEC-A1A2-1EEB8ED0A08D}.Ad-Hoc|ARM64.Build.0 = Debug|Any CPU
		{3A8BE350-8F13-4BEC-A1A2-1EEB8ED0A08D}.Ad-Hoc|iPhone.ActiveCfg = Debug|Any CPU
		{3A8BE350-8F13-4BEC-A1A2-1EEB8ED0A08D}.Ad-Hoc|iPhone.Build.0 = Debug|Any CPU
		{3A8BE350-8F13-4BEC-A1A2-1EEB8ED0A08D}.Ad-Hoc|iPhoneSimulator.ActiveCfg = Debug|Any CPU
		{3A8BE350-8F13-4BEC-A1A2-1EEB8ED0A08D}.Ad-Hoc|iPhoneSimulator.Build.0 = Debug|Any CPU
		{3A8BE350-8F13-4BEC-A1A2-1EEB8ED0A08D}.Ad-Hoc|x64.ActiveCfg = Debug|Any CPU
		{3A8BE350-8F13-4BEC-A1A2-1EEB8ED0A08D}.Ad-Hoc|x64.Build.0 = Debug|Any CPU
		{3A8BE350-8F13-4BEC-A1A2-1EEB8ED0A08D}.Ad-Hoc|x86.ActiveCfg = Debug|Any CPU
		{3A8BE350-8F13-4BEC-A1A2-1EEB8ED0A08D}.Ad-Hoc|x86.Build.0 = Debug|Any CPU
		{3A8BE350-8F13-4BEC-A1A2-1EEB8ED0A08D}.AppStore|Any CPU.ActiveCfg = Debug|Any CPU
		{3A8BE350-8F13-4BEC-A1A2-1EEB8ED0A08D}.AppStore|Any CPU.Build.0 = Debug|Any CPU
		{3A8BE350-8F13-4BEC-A1A2-1EEB8ED0A08D}.AppStore|ARM.ActiveCfg = Debug|Any CPU
		{3A8BE350-8F13-4BEC-A1A2-1EEB8ED0A08D}.AppStore|ARM.Build.0 = Debug|Any CPU
		{3A8BE350-8F13-4BEC-A1A2-1EEB8ED0A08D}.AppStore|ARM64.ActiveCfg = Debug|Any CPU
		{3A8BE350-8F13-4BEC-A1A2-1EEB8ED0A08D}.AppStore|ARM64.Build.0 = Debug|Any CPU
		{3A8BE350-8F13-4BEC-A1A2-1EEB8ED0A08D}.AppStore|iPhone.ActiveCfg = Debug|Any CPU
		{3A8BE350-8F13-4BEC-A1A2-1EEB8ED0A08D}.AppStore|iPhone.Build.0 = Debug|Any CPU
		{3A8BE350-8F13-4BEC-A1A2-1EEB8ED0A08D}.AppStore|iPhoneSimulator.ActiveCfg = Debug|Any CPU
		{3A8BE350-8F13-4BEC-A1A2-1EEB8ED0A08D}.AppStore|iPhoneSimulator.Build.0 = Debug|Any CPU
		{3A8BE350-8F13-4BEC-A1A2-1EEB8ED0A08D}.AppStore|x64.ActiveCfg = Debug|Any CPU
		{3A8BE350-8F13-4BEC-A1A2-1EEB8ED0A08D}.AppStore|x64.Build.0 = Debug|Any CPU
		{3A8BE350-8F13-4BEC-A1A2-1EEB8ED0A08D}.AppStore|x86.ActiveCfg = Debug|Any CPU
		{3A8BE350-8F13-4BEC-A1A2-1EEB8ED0A08D}.AppStore|x86.Build.0 = Debug|Any CPU
		{3A8BE350-8F13-4BEC-A1A2-1EEB8ED0A08D}.Debug|Any CPU.ActiveCfg = Debug|Any CPU
		{3A8BE350-8F13-4BEC-A1A2-1EEB8ED0A08D}.Debug|Any CPU.Build.0 = Debug|Any CPU
		{3A8BE350-8F13-4BEC-A1A2-1EEB8ED0A08D}.Debug|ARM.ActiveCfg = Debug|Any CPU
		{3A8BE350-8F13-4BEC-A1A2-1EEB8ED0A08D}.Debug|ARM.Build.0 = Debug|Any CPU
		{3A8BE350-8F13-4BEC-A1A2-1EEB8ED0A08D}.Debug|ARM64.ActiveCfg = Debug|Any CPU
		{3A8BE350-8F13-4BEC-A1A2-1EEB8ED0A08D}.Debug|ARM64.Build.0 = Debug|Any CPU
		{3A8BE350-8F13-4BEC-A1A2-1EEB8ED0A08D}.Debug|iPhone.ActiveCfg = Debug|Any CPU
		{3A8BE350-8F13-4BEC-A1A2-1EEB8ED0A08D}.Debug|iPhone.Build.0 = Debug|Any CPU
		{3A8BE350-8F13-4BEC-A1A2-1EEB8ED0A08D}.Debug|iPhoneSimulator.ActiveCfg = Debug|Any CPU
		{3A8BE350-8F13-4BEC-A1A2-1EEB8ED0A08D}.Debug|iPhoneSimulator.Build.0 = Debug|Any CPU
		{3A8BE350-8F13-4BEC-A1A2-1EEB8ED0A08D}.Debug|x64.ActiveCfg = Debug|Any CPU
		{3A8BE350-8F13-4BEC-A1A2-1EEB8ED0A08D}.Debug|x64.Build.0 = Debug|Any CPU
		{3A8BE350-8F13-4BEC-A1A2-1EEB8ED0A08D}.Debug|x86.ActiveCfg = Debug|Any CPU
		{3A8BE350-8F13-4BEC-A1A2-1EEB8ED0A08D}.Debug|x86.Build.0 = Debug|Any CPU
		{3A8BE350-8F13-4BEC-A1A2-1EEB8ED0A08D}.Release|Any CPU.ActiveCfg = Release|Any CPU
		{3A8BE350-8F13-4BEC-A1A2-1EEB8ED0A08D}.Release|Any CPU.Build.0 = Release|Any CPU
		{3A8BE350-8F13-4BEC-A1A2-1EEB8ED0A08D}.Release|ARM.ActiveCfg = Release|Any CPU
		{3A8BE350-8F13-4BEC-A1A2-1EEB8ED0A08D}.Release|ARM.Build.0 = Release|Any CPU
		{3A8BE350-8F13-4BEC-A1A2-1EEB8ED0A08D}.Release|ARM64.ActiveCfg = Release|Any CPU
		{3A8BE350-8F13-4BEC-A1A2-1EEB8ED0A08D}.Release|ARM64.Build.0 = Release|Any CPU
		{3A8BE350-8F13-4BEC-A1A2-1EEB8ED0A08D}.Release|iPhone.ActiveCfg = Release|Any CPU
		{3A8BE350-8F13-4BEC-A1A2-1EEB8ED0A08D}.Release|iPhone.Build.0 = Release|Any CPU
		{3A8BE350-8F13-4BEC-A1A2-1EEB8ED0A08D}.Release|iPhoneSimulator.ActiveCfg = Release|Any CPU
		{3A8BE350-8F13-4BEC-A1A2-1EEB8ED0A08D}.Release|iPhoneSimulator.Build.0 = Release|Any CPU
		{3A8BE350-8F13-4BEC-A1A2-1EEB8ED0A08D}.Release|x64.ActiveCfg = Release|Any CPU
		{3A8BE350-8F13-4BEC-A1A2-1EEB8ED0A08D}.Release|x64.Build.0 = Release|Any CPU
		{3A8BE350-8F13-4BEC-A1A2-1EEB8ED0A08D}.Release|x86.ActiveCfg = Release|Any CPU
		{3A8BE350-8F13-4BEC-A1A2-1EEB8ED0A08D}.Release|x86.Build.0 = Release|Any CPU
		{FDB416BC-410D-4E79-B025-DBCD8D84AF35}.Ad-Hoc|Any CPU.ActiveCfg = Debug|Any CPU
		{FDB416BC-410D-4E79-B025-DBCD8D84AF35}.Ad-Hoc|Any CPU.Build.0 = Debug|Any CPU
		{FDB416BC-410D-4E79-B025-DBCD8D84AF35}.Ad-Hoc|ARM.ActiveCfg = Debug|Any CPU
		{FDB416BC-410D-4E79-B025-DBCD8D84AF35}.Ad-Hoc|ARM.Build.0 = Debug|Any CPU
		{FDB416BC-410D-4E79-B025-DBCD8D84AF35}.Ad-Hoc|ARM64.ActiveCfg = Debug|Any CPU
		{FDB416BC-410D-4E79-B025-DBCD8D84AF35}.Ad-Hoc|ARM64.Build.0 = Debug|Any CPU
		{FDB416BC-410D-4E79-B025-DBCD8D84AF35}.Ad-Hoc|iPhone.ActiveCfg = Debug|Any CPU
		{FDB416BC-410D-4E79-B025-DBCD8D84AF35}.Ad-Hoc|iPhone.Build.0 = Debug|Any CPU
		{FDB416BC-410D-4E79-B025-DBCD8D84AF35}.Ad-Hoc|iPhoneSimulator.ActiveCfg = Debug|Any CPU
		{FDB416BC-410D-4E79-B025-DBCD8D84AF35}.Ad-Hoc|iPhoneSimulator.Build.0 = Debug|Any CPU
		{FDB416BC-410D-4E79-B025-DBCD8D84AF35}.Ad-Hoc|x64.ActiveCfg = Debug|Any CPU
		{FDB416BC-410D-4E79-B025-DBCD8D84AF35}.Ad-Hoc|x64.Build.0 = Debug|Any CPU
		{FDB416BC-410D-4E79-B025-DBCD8D84AF35}.Ad-Hoc|x86.ActiveCfg = Debug|Any CPU
		{FDB416BC-410D-4E79-B025-DBCD8D84AF35}.Ad-Hoc|x86.Build.0 = Debug|Any CPU
		{FDB416BC-410D-4E79-B025-DBCD8D84AF35}.AppStore|Any CPU.ActiveCfg = Debug|Any CPU
		{FDB416BC-410D-4E79-B025-DBCD8D84AF35}.AppStore|Any CPU.Build.0 = Debug|Any CPU
		{FDB416BC-410D-4E79-B025-DBCD8D84AF35}.AppStore|ARM.ActiveCfg = Debug|Any CPU
		{FDB416BC-410D-4E79-B025-DBCD8D84AF35}.AppStore|ARM.Build.0 = Debug|Any CPU
		{FDB416BC-410D-4E79-B025-DBCD8D84AF35}.AppStore|ARM64.ActiveCfg = Debug|Any CPU
		{FDB416BC-410D-4E79-B025-DBCD8D84AF35}.AppStore|ARM64.Build.0 = Debug|Any CPU
		{FDB416BC-410D-4E79-B025-DBCD8D84AF35}.AppStore|iPhone.ActiveCfg = Debug|Any CPU
		{FDB416BC-410D-4E79-B025-DBCD8D84AF35}.AppStore|iPhone.Build.0 = Debug|Any CPU
		{FDB416BC-410D-4E79-B025-DBCD8D84AF35}.AppStore|iPhoneSimulator.ActiveCfg = Debug|Any CPU
		{FDB416BC-410D-4E79-B025-DBCD8D84AF35}.AppStore|iPhoneSimulator.Build.0 = Debug|Any CPU
		{FDB416BC-410D-4E79-B025-DBCD8D84AF35}.AppStore|x64.ActiveCfg = Debug|Any CPU
		{FDB416BC-410D-4E79-B025-DBCD8D84AF35}.AppStore|x64.Build.0 = Debug|Any CPU
		{FDB416BC-410D-4E79-B025-DBCD8D84AF35}.AppStore|x86.ActiveCfg = Debug|Any CPU
		{FDB416BC-410D-4E79-B025-DBCD8D84AF35}.AppStore|x86.Build.0 = Debug|Any CPU
		{FDB416BC-410D-4E79-B025-DBCD8D84AF35}.Debug|Any CPU.ActiveCfg = Debug|Any CPU
		{FDB416BC-410D-4E79-B025-DBCD8D84AF35}.Debug|Any CPU.Build.0 = Debug|Any CPU
		{FDB416BC-410D-4E79-B025-DBCD8D84AF35}.Debug|ARM.ActiveCfg = Debug|Any CPU
		{FDB416BC-410D-4E79-B025-DBCD8D84AF35}.Debug|ARM.Build.0 = Debug|Any CPU
		{FDB416BC-410D-4E79-B025-DBCD8D84AF35}.Debug|ARM64.ActiveCfg = Debug|Any CPU
		{FDB416BC-410D-4E79-B025-DBCD8D84AF35}.Debug|ARM64.Build.0 = Debug|Any CPU
		{FDB416BC-410D-4E79-B025-DBCD8D84AF35}.Debug|iPhone.ActiveCfg = Debug|Any CPU
		{FDB416BC-410D-4E79-B025-DBCD8D84AF35}.Debug|iPhone.Build.0 = Debug|Any CPU
		{FDB416BC-410D-4E79-B025-DBCD8D84AF35}.Debug|iPhoneSimulator.ActiveCfg = Debug|Any CPU
		{FDB416BC-410D-4E79-B025-DBCD8D84AF35}.Debug|iPhoneSimulator.Build.0 = Debug|Any CPU
		{FDB416BC-410D-4E79-B025-DBCD8D84AF35}.Debug|x64.ActiveCfg = Debug|Any CPU
		{FDB416BC-410D-4E79-B025-DBCD8D84AF35}.Debug|x64.Build.0 = Debug|Any CPU
		{FDB416BC-410D-4E79-B025-DBCD8D84AF35}.Debug|x86.ActiveCfg = Debug|Any CPU
		{FDB416BC-410D-4E79-B025-DBCD8D84AF35}.Debug|x86.Build.0 = Debug|Any CPU
		{FDB416BC-410D-4E79-B025-DBCD8D84AF35}.Release|Any CPU.ActiveCfg = Release|Any CPU
		{FDB416BC-410D-4E79-B025-DBCD8D84AF35}.Release|Any CPU.Build.0 = Release|Any CPU
		{FDB416BC-410D-4E79-B025-DBCD8D84AF35}.Release|ARM.ActiveCfg = Release|Any CPU
		{FDB416BC-410D-4E79-B025-DBCD8D84AF35}.Release|ARM.Build.0 = Release|Any CPU
		{FDB416BC-410D-4E79-B025-DBCD8D84AF35}.Release|ARM64.ActiveCfg = Release|Any CPU
		{FDB416BC-410D-4E79-B025-DBCD8D84AF35}.Release|ARM64.Build.0 = Release|Any CPU
		{FDB416BC-410D-4E79-B025-DBCD8D84AF35}.Release|iPhone.ActiveCfg = Release|Any CPU
		{FDB416BC-410D-4E79-B025-DBCD8D84AF35}.Release|iPhone.Build.0 = Release|Any CPU
		{FDB416BC-410D-4E79-B025-DBCD8D84AF35}.Release|iPhoneSimulator.ActiveCfg = Release|Any CPU
		{FDB416BC-410D-4E79-B025-DBCD8D84AF35}.Release|iPhoneSimulator.Build.0 = Release|Any CPU
		{FDB416BC-410D-4E79-B025-DBCD8D84AF35}.Release|x64.ActiveCfg = Release|Any CPU
		{FDB416BC-410D-4E79-B025-DBCD8D84AF35}.Release|x64.Build.0 = Release|Any CPU
		{FDB416BC-410D-4E79-B025-DBCD8D84AF35}.Release|x86.ActiveCfg = Release|Any CPU
		{FDB416BC-410D-4E79-B025-DBCD8D84AF35}.Release|x86.Build.0 = Release|Any CPU
	EndGlobalSection
	GlobalSection(SolutionProperties) = preSolution
		HideSolutionNode = FALSE
	EndGlobalSection
	GlobalSection(NestedProjects) = preSolution
		{F06A5D07-6A13-4527-80D7-9B9EA1413067} = {C30B20C7-41E2-4F1D-AC8A-2D6982CEF99D}
		{EE7A605A-A1C4-4FF4-AADB-F21269BEEF16} = {C30B20C7-41E2-4F1D-AC8A-2D6982CEF99D}
		{1B5F7F7D-D724-4418-89A9-5ADB49D2FFFC} = {C30B20C7-41E2-4F1D-AC8A-2D6982CEF99D}
		{70980408-754F-4AA6-9DA2-7DC0739FDBAB} = {C30B20C7-41E2-4F1D-AC8A-2D6982CEF99D}
		{FBB99FD7-E595-4A5F-8C17-93EFA1004775} = {C30B20C7-41E2-4F1D-AC8A-2D6982CEF99D}
		{9066DE0F-0AB2-4B5A-BD16-D88A067415FE} = {C30B20C7-41E2-4F1D-AC8A-2D6982CEF99D}
		{286121A8-4369-4E6F-9905-7FCA5E99BF27} = {C30B20C7-41E2-4F1D-AC8A-2D6982CEF99D}
		{4A443854-82F3-4B33-BDF9-57C998EB7111} = {C30B20C7-41E2-4F1D-AC8A-2D6982CEF99D}
		{3A8BE350-8F13-4BEC-A1A2-1EEB8ED0A08D} = {C30B20C7-41E2-4F1D-AC8A-2D6982CEF99D}
	EndGlobalSection
	GlobalSection(ExtensibilityGlobals) = postSolution
		SolutionGuid = {A64E034E-DA33-4D65-B79F-8837280A53CB}
	EndGlobalSection
EndGlobal
